
Microsoft Visual Studio Solution File, Format Version 12.00
# Visual Studio Version 16
VisualStudioVersion = 16.0.29926.136
MinimumVisualStudioVersion = 10.0.40219.1
Project("{FAE04EC0-301F-11D3-BF4B-00C04F79EFBC}") = "DadosSensoresMvc", "DadosSensoresMvc.csproj", "{1714302A-B1C1-42AF-B821-43E4B0495B6C}"
EndProject
Global
	GlobalSection(SolutionConfigurationPlatforms) = preSolution
		Debug|Any CPU = Debug|Any CPU
		Release|Any CPU = Release|Any CPU
	EndGlobalSection
	GlobalSection(ProjectConfigurationPlatforms) = postSolution
		{1714302A-B1C1-42AF-B821-43E4B0495B6C}.Debug|Any CPU.ActiveCfg = Debug|Any CPU
		{1714302A-B1C1-42AF-B821-43E4B0495B6C}.Debug|Any CPU.Build.0 = Debug|Any CPU
		{1714302A-B1C1-42AF-B821-43E4B0495B6C}.Release|Any CPU.ActiveCfg = Release|Any CPU
		{1714302A-B1C1-42AF-B821-43E4B0495B6C}.Release|Any CPU.Build.0 = Release|Any CPU
	EndGlobalSection
	GlobalSection(SolutionProperties) = preSolution
		HideSolutionNode = FALSE
	EndGlobalSection
	GlobalSection(ExtensibilityGlobals) = postSolution
		SolutionGuid = {B9D47A70-97CA-4AD6-959E-C9F79C2C90BC}
	EndGlobalSection
EndGlobal
